
Microsoft Visual Studio Solution File, Format Version 12.00
# Visual Studio 15
VisualStudioVersion = 15.0.28307.1831
MinimumVisualStudioVersion = 10.0.40219.1
Project("{8BC9CEB8-8B4A-11D0-8D11-00A0C91BC942}") = "CRS_PROJECT", "CRS_PROJECT\CRS_PROJECT.vcxproj", "{8B5C0B25-8A6B-4EBE-B16E-A939753A8527}"
EndProject
Global
	GlobalSection(SolutionConfigurationPlatforms) = preSolution
		Debug|x64 = Debug|x64
		Debug|x86 = Debug|x86
		Release|x64 = Release|x64
		Release|x86 = Release|x86
	EndGlobalSection
	GlobalSection(ProjectConfigurationPlatforms) = postSolution
		{8B5C0B25-8A6B-4EBE-B16E-A939753A8527}.Debug|x64.ActiveCfg = Debug|x64
		{8B5C0B25-8A6B-4EBE-B16E-A939753A8527}.Debug|x64.Build.0 = Debug|x64
		{8B5C0B25-8A6B-4EBE-B16E-A939753A8527}.Debug|x86.ActiveCfg = Debug|Win32
		{8B5C0B25-8A6B-4EBE-B16E-A939753A8527}.Debug|x86.Build.0 = Debug|Win32
		{8B5C0B25-8A6B-4EBE-B16E-A939753A8527}.Release|x64.ActiveCfg = Release|x64
		{8B5C0B25-8A6B-4EBE-B16E-A939753A8527}.Release|x64.Build.0 = Release|x64
		{8B5C0B25-8A6B-4EBE-B16E-A939753A8527}.Release|x86.ActiveCfg = Release|Win32
		{8B5C0B25-8A6B-4EBE-B16E-A939753A8527}.Release|x86.Build.0 = Release|Win32
	EndGlobalSection
	GlobalSection(SolutionProperties) = preSolution
		HideSolutionNode = FALSE
	EndGlobalSection
	GlobalSection(ExtensibilityGlobals) = postSolution
		SolutionGuid = {E2D26946-2134-4C90-8011-11A9FFF2A50C}
	EndGlobalSection
EndGlobal
